{
 "graph_lock": {
  "nodes": {
   "0": {
    "ref": "fea_libs/1.0.0",
    "requires": [
     "1",
     "2",
     "3"
    ],
    "path": "..\\conanfile.py",
    "context": "host"
   },
   "1": {
    "ref": "gtest/1.11.0#7475482232fcd017fa110b0b8b0f936e",
    "context": "host"
   },
   "2": {
    "ref": "onetbb/2021.3.0#d73214ea835d6b3cd09357f395a4c430",
    "context": "host"
   },
   "3": {
    "ref": "date/3.0.0#8fcb40f84e304971b86cae3c21d2ce99",
    "context": "host"
   }
  },
  "revisions_enabled": true
 },
 "version": "0.4"
}